
Microsoft Visual Studio Solution File, Format Version 12.00
# Visual Studio Version 17
VisualStudioVersion = 17.3.32929.385
MinimumVisualStudioVersion = 10.0.40219.1
Project("{9A19103F-16F7-4668-BE54-9A1E7A4F7556}") = "SaitynoGerasis", "SaitynoGerasis\SaitynoGerasis.csproj", "{EBF6BAA5-05E7-4BD5-A494-548380F4028F}"
EndProject
Global
	GlobalSection(SolutionConfigurationPlatforms) = preSolution
		Debug|Any CPU = Debug|Any CPU
		Release|Any CPU = Release|Any CPU
	EndGlobalSection
	GlobalSection(ProjectConfigurationPlatforms) = postSolution
		{EBF6BAA5-05E7-4BD5-A494-548380F4028F}.Debug|Any CPU.ActiveCfg = Debug|Any CPU
		{EBF6BAA5-05E7-4BD5-A494-548380F4028F}.Debug|Any CPU.Build.0 = Debug|Any CPU
		{EBF6BAA5-05E7-4BD5-A494-548380F4028F}.Release|Any CPU.ActiveCfg = Release|Any CPU
		{EBF6BAA5-05E7-4BD5-A494-548380F4028F}.Release|Any CPU.Build.0 = Release|Any CPU
	EndGlobalSection
	GlobalSection(SolutionProperties) = preSolution
		HideSolutionNode = FALSE
	EndGlobalSection
	GlobalSection(ExtensibilityGlobals) = postSolution
		SolutionGuid = {5A11EB42-3D3E-457A-9569-C4D31CFED5AB}
	EndGlobalSection
EndGlobal
